// !$*UTF8*$!
{
	archiveVersion = 1;
	classes = {
	};
	objectVersion = 50;
	objects = {

/* Begin PBXBuildFile section */
		4309693B253FE591002365D7 /* AppDelegate.swift in Sources */ = {isa = PBXBuildFile; fileRef = 4309693A253FE591002365D7 /* AppDelegate.swift */; };
		4309693D253FE591002365D7 /* SceneDelegate.swift in Sources */ = {isa = PBXBuildFile; fileRef = 4309693C253FE591002365D7 /* SceneDelegate.swift */; };
		4309693F253FE591002365D7 /* ViewController.swift in Sources */ = {isa = PBXBuildFile; fileRef = 4309693E253FE591002365D7 /* ViewController.swift */; };
		43096942253FE591002365D7 /* Main.storyboard in Resources */ = {isa = PBXBuildFile; fileRef = 43096940253FE591002365D7 /* Main.storyboard */; };
		43096944253FE595002365D7 /* Assets.xcassets in Resources */ = {isa = PBXBuildFile; fileRef = 43096943253FE595002365D7 /* Assets.xcassets */; };
		43096947253FE595002365D7 /* LaunchScreen.storyboard in Resources */ = {isa = PBXBuildFile; fileRef = 43096945253FE595002365D7 /* LaunchScreen.storyboard */; };
		43096952253FE596002365D7 /* flixtervTests.swift in Sources */ = {isa = PBXBuildFile; fileRef = 43096951253FE596002365D7 /* flixtervTests.swift */; };
		4309695D253FE596002365D7 /* flixtervUITests.swift in Sources */ = {isa = PBXBuildFile; fileRef = 4309695C253FE596002365D7 /* flixtervUITests.swift */; };
/* End PBXBuildFile section */

/* Begin PBXContainerItemProxy section */
		4309694E253FE596002365D7 /* PBXContainerItemProxy */ = {
			isa = PBXContainerItemProxy;
			containerPortal = 4309692F253FE591002365D7 /* Project object */;
			proxyType = 1;
			remoteGlobalIDString = 43096936253FE591002365D7;
			remoteInfo = flixterv;
		};
		43096959253FE596002365D7 /* PBXContainerItemProxy */ = {
			isa = PBXContainerItemProxy;
			containerPortal = 4309692F253FE591002365D7 /* Project object */;
			proxyType = 1;
			remoteGlobalIDString = 43096936253FE591002365D7;
			remoteInfo = flixterv;
		};
/* End PBXContainerItemProxy section */

/* Begin PBXFileReference section */
		43096937253FE591002365D7 /* flixterv.app */ = {isa = PBXFileReference; explicitFileType = wrapper.application; includeInIndex = 0; path = flixterv.app; sourceTree = BUILT_PRODUCTS_DIR; };
		4309693A253FE591002365D7 /* AppDelegate.swift */ = {isa = PBXFileReference; lastKnownFileType = sourcecode.swift; path = AppDelegate.swift; sourceTree = "<group>"; };
		4309693C253FE591002365D7 /* SceneDelegate.swift */ = {isa = PBXFileReference; lastKnownFileType = sourcecode.swift; path = SceneDelegate.swift; sourceTree = "<group>"; };
		4309693E253FE591002365D7 /* ViewController.swift */ = {isa = PBXFileReference; lastKnownFileType = sourcecode.swift; path = ViewController.swift; sourceTree = "<group>"; };
		43096941253FE591002365D7 /* Base */ = {isa = PBXFileReference; lastKnownFileType = file.storyboard; name = Base; path = Base.lproj/Main.storyboard; sourceTree = "<group>"; };
		43096943253FE595002365D7 /* Assets.xcassets */ = {isa = PBXFileReference; lastKnownFileType = folder.assetcatalog; path = Assets.xcassets; sourceTree = "<group>"; };
		43096946253FE595002365D7 /* Base */ = {isa = PBXFileReference; lastKnownFileType = file.storyboard; name = Base; path = Base.lproj/LaunchScreen.storyboard; sourceTree = "<group>"; };
		43096948253FE595002365D7 /* Info.plist */ = {isa = PBXFileReference; lastKnownFileType = text.plist.xml; path = Info.plist; sourceTree = "<group>"; };
		4309694D253FE596002365D7 /* flixtervTests.xctest */ = {isa = PBXFileReference; explicitFileType = wrapper.cfbundle; includeInIndex = 0; path = flixtervTests.xctest; sourceTree = BUILT_PRODUCTS_DIR; };
		43096951253FE596002365D7 /* flixtervTests.swift */ = {isa = PBXFileReference; lastKnownFileType = sourcecode.swift; path = flixtervTests.swift; sourceTree = "<group>"; };
		43096953253FE596002365D7 /* Info.plist */ = {isa = PBXFileReference; lastKnownFileType = text.plist.xml; path = Info.plist; sourceTree = "<group>"; };
		43096958253FE596002365D7 /* flixtervUITests.xctest */ = {isa = PBXFileReference; explicitFileType = wrapper.cfbundle; includeInIndex = 0; path = flixtervUITests.xctest; sourceTree = BUILT_PRODUCTS_DIR; };
		4309695C253FE596002365D7 /* flixtervUITests.swift */ = {isa = PBXFileReference; lastKnownFileType = sourcecode.swift; path = flixtervUITests.swift; sourceTree = "<group>"; };
		4309695E253FE596002365D7 /* Info.plist */ = {isa = PBXFileReference; lastKnownFileType = text.plist.xml; path = Info.plist; sourceTree = "<group>"; };
/* End PBXFileReference section */

/* Begin PBXFrameworksBuildPhase section */
		43096934253FE591002365D7 /* Frameworks */ = {
			isa = PBXFrameworksBuildPhase;
			buildActionMask = 2147483647;
			files = (
			);
			runOnlyForDeploymentPostprocessing = 0;
		};
		4309694A253FE596002365D7 /* Frameworks */ = {
			isa = PBXFrameworksBuildPhase;
			buildActionMask = 2147483647;
			files = (
			);
			runOnlyForDeploymentPostprocessing = 0;
		};
		43096955253FE596002365D7 /* Frameworks */ = {
			isa = PBXFrameworksBuildPhase;
			buildActionMask = 2147483647;
			files = (
			);
			runOnlyForDeploymentPostprocessing = 0;
		};
/* End PBXFrameworksBuildPhase section */

/* Begin PBXGroup section */
		4309692E253FE591002365D7 = {
			isa = PBXGroup;
			children = (
				43096939253FE591002365D7 /* flixterv */,
				43096950253FE596002365D7 /* flixtervTests */,
				4309695B253FE596002365D7 /* flixtervUITests */,
				43096938253FE591002365D7 /* Products */,
			);
			sourceTree = "<group>";
		};
		43096938253FE591002365D7 /* Products */ = {
			isa = PBXGroup;
			children = (
				43096937253FE591002365D7 /* flixterv.app */,
				4309694D253FE596002365D7 /* flixtervTests.xctest */,
				43096958253FE596002365D7 /* flixtervUITests.xctest */,
			);
			name = Products;
			sourceTree = "<group>";
		};
		43096939253FE591002365D7 /* flixterv */ = {
			isa = PBXGroup;
			children = (
				4309693A253FE591002365D7 /* AppDelegate.swift */,
				4309693C253FE591002365D7 /* SceneDelegate.swift */,
				4309693E253FE591002365D7 /* ViewController.swift */,
				43096940253FE591002365D7 /* Main.storyboard */,
				43096943253FE595002365D7 /* Assets.xcassets */,
				43096945253FE595002365D7 /* LaunchScreen.storyboard */,
				43096948253FE595002365D7 /* Info.plist */,
			);
			path = flixterv;
			sourceTree = "<group>";
		};
		43096950253FE596002365D7 /* flixtervTests */ = {
			isa = PBXGroup;
			children = (
				43096951253FE596002365D7 /* flixtervTests.swift */,
				43096953253FE596002365D7 /* Info.plist */,
			);
			path = flixtervTests;
			sourceTree = "<group>";
		};
		4309695B253FE596002365D7 /* flixtervUITests */ = {
			isa = PBXGroup;
			children = (
				4309695C253FE596002365D7 /* flixtervUITests.swift */,
				4309695E253FE596002365D7 /* Info.plist */,
			);
			path = flixtervUITests;
			sourceTree = "<group>";
		};
/* End PBXGroup section */

/* Begin PBXNativeTarget section */
		43096936253FE591002365D7 /* flixterv */ = {
			isa = PBXNativeTarget;
			buildConfigurationList = 43096961253FE596002365D7 /* Build configuration list for PBXNativeTarget "flixterv" */;
			buildPhases = (
				43096933253FE591002365D7 /* Sources */,
				43096934253FE591002365D7 /* Frameworks */,
				43096935253FE591002365D7 /* Resources */,
			);
			buildRules = (
			);
			dependencies = (
			);
			name = flixterv;
			productName = flixterv;
			productReference = 43096937253FE591002365D7 /* flixterv.app */;
			productType = "com.apple.product-type.application";
		};
		4309694C253FE596002365D7 /* flixtervTests */ = {
			isa = PBXNativeTarget;
			buildConfigurationList = 43096964253FE596002365D7 /* Build configuration list for PBXNativeTarget "flixtervTests" */;
			buildPhases = (
				43096949253FE596002365D7 /* Sources */,
				4309694A253FE596002365D7 /* Frameworks */,
				4309694B253FE596002365D7 /* Resources */,
			);
			buildRules = (
			);
			dependencies = (
				4309694F253FE596002365D7 /* PBXTargetDependency */,
			);
			name = flixtervTests;
			productName = flixtervTests;
			productReference = 4309694D253FE596002365D7 /* flixtervTests.xctest */;
			productType = "com.apple.product-type.bundle.unit-test";
		};
		43096957253FE596002365D7 /* flixtervUITests */ = {
			isa = PBXNativeTarget;
			buildConfigurationList = 43096967253FE596002365D7 /* Build configuration list for PBXNativeTarget "flixtervUITests" */;
			buildPhases = (
				43096954253FE596002365D7 /* Sources */,
				43096955253FE596002365D7 /* Frameworks */,
				43096956253FE596002365D7 /* Resources */,
			);
			buildRules = (
			);
			dependencies = (
				4309695A253FE596002365D7 /* PBXTargetDependency */,
			);
			name = flixtervUITests;
			productName = flixtervUITests;
			productReference = 43096958253FE596002365D7 /* flixtervUITests.xctest */;
			productType = "com.apple.product-type.bundle.ui-testing";
		};
/* End PBXNativeTarget section */

/* Begin PBXProject section */
		4309692F253FE591002365D7 /* Project object */ = {
			isa = PBXProject;
			attributes = {
				LastSwiftUpdateCheck = 1150;
				LastUpgradeCheck = 1150;
				ORGANIZATIONNAME = "Fariha Mohamed";
				TargetAttributes = {
					43096936253FE591002365D7 = {
						CreatedOnToolsVersion = 11.5;
					};
					4309694C253FE596002365D7 = {
						CreatedOnToolsVersion = 11.5;
						TestTargetID = 43096936253FE591002365D7;
					};
					43096957253FE596002365D7 = {
						CreatedOnToolsVersion = 11.5;
						TestTargetID = 43096936253FE591002365D7;
					};
				};
			};
			buildConfigurationList = 43096932253FE591002365D7 /* Build configuration list for PBXProject "flixterv" */;
			compatibilityVersion = "Xcode 9.3";
			developmentRegion = en;
			hasScannedForEncodings = 0;
			knownRegions = (
				en,
				Base,
			);
			mainGroup = 4309692E253FE591002365D7;
			productRefGroup = 43096938253FE591002365D7 /* Products */;
			projectDirPath = "";
			projectRoot = "";
			targets = (
				43096936253FE591002365D7 /* flixterv */,
				4309694C253FE596002365D7 /* flixtervTests */,
				43096957253FE596002365D7 /* flixtervUITests */,
			);
		};
/* End PBXProject section */

/* Begin PBXResourcesBuildPhase section */
		43096935253FE591002365D7 /* Resources */ = {
			isa = PBXResourcesBuildPhase;
			buildActionMask = 2147483647;
			files = (
				43096947253FE595002365D7 /* LaunchScreen.storyboard in Resources */,
				43096944253FE595002365D7 /* Assets.xcassets in Resources */,
				43096942253FE591002365D7 /* Main.storyboard in Resources */,
			);
			runOnlyForDeploymentPostprocessing = 0;
		};
		4309694B253FE596002365D7 /* Resources */ = {
			isa = PBXResourcesBuildPhase;
			buildActionMask = 2147483647;
			files = (
			);
			runOnlyForDeploymentPostprocessing = 0;
		};
		43096956253FE596002365D7 /* Resources */ = {
			isa = PBXResourcesBuildPhase;
			buildActionMask = 2147483647;
			files = (
			);
			runOnlyForDeploymentPostprocessing = 0;
		};
/* End PBXResourcesBuildPhase section */

/* Begin PBXSourcesBuildPhase section */
		43096933253FE591002365D7 /* Sources */ = {
			isa = PBXSourcesBuildPhase;
			buildActionMask = 2147483647;
			files = (
				4309693F253FE591002365D7 /* ViewController.swift in Sources */,
				4309693B253FE591002365D7 /* AppDelegate.swift in Sources */,
				4309693D253FE591002365D7 /* SceneDelegate.swift in Sources */,
			);
			runOnlyForDeploymentPostprocessing = 0;
		};
		43096949253FE596002365D7 /* Sources */ = {
			isa = PBXSourcesBuildPhase;
			buildActionMask = 2147483647;
			files = (
				43096952253FE596002365D7 /* flixtervTests.swift in Sources */,
			);
			runOnlyForDeploymentPostprocessing = 0;
		};
		43096954253FE596002365D7 /* Sources */ = {
			isa = PBXSourcesBuildPhase;
			buildActionMask = 2147483647;
			files = (
				4309695D253FE596002365D7 /* flixtervUITests.swift in Sources */,
			);
			runOnlyForDeploymentPostprocessing = 0;
		};
/* End PBXSourcesBuildPhase section */

/* Begin PBXTargetDependency section */
		4309694F253FE596002365D7 /* PBXTargetDependency */ = {
			isa = PBXTargetDependency;
			target = 43096936253FE591002365D7 /* flixterv */;
			targetProxy = 4309694E253FE596002365D7 /* PBXContainerItemProxy */;
		};
		4309695A253FE596002365D7 /* PBXTargetDependency */ = {
			isa = PBXTargetDependency;
			target = 43096936253FE591002365D7 /* flixterv */;
			targetProxy = 43096959253FE596002365D7 /* PBXContainerItemProxy */;
		};
/* End PBXTargetDependency section */

/* Begin PBXVariantGroup section */
		43096940253FE591002365D7 /* Main.storyboard */ = {
			isa = PBXVariantGroup;
			children = (
				43096941253FE591002365D7 /* Base */,
			);
			name = Main.storyboard;
			sourceTree = "<group>";
		};
		43096945253FE595002365D7 /* LaunchScreen.storyboard */ = {
			isa = PBXVariantGroup;
			children = (
				43096946253FE595002365D7 /* Base */,
			);
			name = LaunchScreen.storyboard;
			sourceTree = "<group>";
		};
/* End PBXVariantGroup section */

/* Begin XCBuildConfiguration section */
		4309695F253FE596002365D7 /* Debug */ = {
			isa = XCBuildConfiguration;
			buildSettings = {
				ALWAYS_SEARCH_USER_PATHS = NO;
				CLANG_ANALYZER_NONNULL = YES;
				CLANG_ANALYZER_NUMBER_OBJECT_CONVERSION = YES_AGGRESSIVE;
				CLANG_CXX_LANGUAGE_STANDARD = "gnu++14";
				CLANG_CXX_LIBRARY = "libc++";
				CLANG_ENABLE_MODULES = YES;
				CLANG_ENABLE_OBJC_ARC = YES;
				CLANG_ENABLE_OBJC_WEAK = YES;
				CLANG_WARN_BLOCK_CAPTURE_AUTORELEASING = YES;
				CLANG_WARN_BOOL_CONVERSION = YES;
				CLANG_WARN_COMMA = YES;
				CLANG_WARN_CONSTANT_CONVERSION = YES;
				CLANG_WARN_DEPRECATED_OBJC_IMPLEMENTATIONS = YES;
				CLANG_WARN_DIRECT_OBJC_ISA_USAGE = YES_ERROR;
				CLANG_WARN_DOCUMENTATION_COMMENTS = YES;
				CLANG_WARN_EMPTY_BODY = YES;
				CLANG_WARN_ENUM_CONVERSION = YES;
				CLANG_WARN_INFINITE_RECURSION = YES;
				CLANG_WARN_INT_CONVERSION = YES;
				CLANG_WARN_NON_LITERAL_NULL_CONVERSION = YES;
				CLANG_WARN_OBJC_IMPLICIT_RETAIN_SELF = YES;
				CLANG_WARN_OBJC_LITERAL_CONVERSION = YES;
				CLANG_WARN_OBJC_ROOT_CLASS = YES_ERROR;
				CLANG_WARN_RANGE_LOOP_ANALYSIS = YES;
				CLANG_WARN_STRICT_PROTOTYPES = YES;
				CLANG_WARN_SUSPICIOUS_MOVE = YES;
				CLANG_WARN_UNGUARDED_AVAILABILITY = YES_AGGRESSIVE;
				CLANG_WARN_UNREACHABLE_CODE = YES;
				CLANG_WARN__DUPLICATE_METHOD_MATCH = YES;
				COPY_PHASE_STRIP = NO;
				DEBUG_INFORMATION_FORMAT = dwarf;
				ENABLE_STRICT_OBJC_MSGSEND = YES;
				ENABLE_TESTABILITY = YES;
				GCC_C_LANGUAGE_STANDARD = gnu11;
				GCC_DYNAMIC_NO_PIC = NO;
				GCC_NO_COMMON_BLOCKS = YES;
				GCC_OPTIMIZATION_LEVEL = 0;
				GCC_PREPROCESSOR_DEFINITIONS = (
					"DEBUG=1",
					"$(inherited)",
				);
				GCC_WARN_64_TO_32_BIT_CONVERSION = YES;
				GCC_WARN_ABOUT_RETURN_TYPE = YES_ERROR;
				GCC_WARN_UNDECLARED_SELECTOR = YES;
				GCC_WARN_UNINITIALIZED_AUTOS = YES_AGGRESSIVE;
				GCC_WARN_UNUSED_FUNCTION = YES;
				GCC_WARN_UNUSED_VARIABLE = YES;
				IPHONEOS_DEPLOYMENT_TARGET = 13.5;
				MTL_ENABLE_DEBUG_INFO = INCLUDE_SOURCE;
				MTL_FAST_MATH = YES;
				ONLY_ACTIVE_ARCH = YES;
				SDKROOT = iphoneos;
				SWIFT_ACTIVE_COMPILATION_CONDITIONS = DEBUG;
				SWIFT_OPTIMIZATION_LEVEL = "-Onone";
			};
			name = Debug;
		};
		43096960253FE596002365D7 /* Release */ = {
			isa = XCBuildConfiguration;
			buildSettings = {
				ALWAYS_SEARCH_USER_PATHS = NO;
				CLANG_ANALYZER_NONNULL = YES;
				CLANG_ANALYZER_NUMBER_OBJECT_CONVERSION = YES_AGGRESSIVE;
				CLANG_CXX_LANGUAGE_STANDARD = "gnu++14";
				CLANG_CXX_LIBRARY = "libc++";
				CLANG_ENABLE_MODULES = YES;
				CLANG_ENABLE_OBJC_ARC = YES;
				CLANG_ENABLE_OBJC_WEAK = YES;
				CLANG_WARN_BLOCK_CAPTURE_AUTORELEASING = YES;
				CLANG_WARN_BOOL_CONVERSION = YES;
				CLANG_WARN_COMMA = YES;
				CLANG_WARN_CONSTANT_CONVERSION = YES;
				CLANG_WARN_DEPRECATED_OBJC_IMPLEMENTATIONS = YES;
				CLANG_WARN_DIRECT_OBJC_ISA_USAGE = YES_ERROR;
				CLANG_WARN_DOCUMENTATION_COMMENTS = YES;
				CLANG_WARN_EMPTY_BODY = YES;
				CLANG_WARN_ENUM_CONVERSION = YES;
				CLANG_WARN_INFINITE_RECURSION = YES;
				CLANG_WARN_INT_CONVERSION = YES;
				CLANG_WARN_NON_LITERAL_NULL_CONVERSION = YES;
				CLANG_WARN_OBJC_IMPLICIT_RETAIN_SELF = YES;
				CLANG_WARN_OBJC_LITERAL_CONVERSION = YES;
				CLANG_WARN_OBJC_ROOT_CLASS = YES_ERROR;
				CLANG_WARN_RANGE_LOOP_ANALYSIS = YES;
				CLANG_WARN_STRICT_PROTOTYPES = YES;
				CLANG_WARN_SUSPICIOUS_MOVE = YES;
				CLANG_WARN_UNGUARDED_AVAILABILITY = YES_AGGRESSIVE;
				CLANG_WARN_UNREACHABLE_CODE = YES;
				CLANG_WARN__DUPLICATE_METHOD_MATCH = YES;
				COPY_PHASE_STRIP = NO;
				DEBUG_INFORMATION_FORMAT = "dwarf-with-dsym";
				ENABLE_NS_ASSERTIONS = NO;
				ENABLE_STRICT_OBJC_MSGSEND = YES;
				GCC_C_LANGUAGE_STANDARD = gnu11;
				GCC_NO_COMMON_BLOCKS = YES;
				GCC_WARN_64_TO_32_BIT_CONVERSION = YES;
				GCC_WARN_ABOUT_RETURN_TYPE = YES_ERROR;
				GCC_WARN_UNDECLARED_SELECTOR = YES;
				GCC_WARN_UNINITIALIZED_AUTOS = YES_AGGRESSIVE;
				GCC_WARN_UNUSED_FUNCTION = YES;
				GCC_WARN_UNUSED_VARIABLE = YES;
				IPHONEOS_DEPLOYMENT_TARGET = 13.5;
				MTL_ENABLE_DEBUG_INFO = NO;
				MTL_FAST_MATH = YES;
				SDKROOT = iphoneos;
				SWIFT_COMPILATION_MODE = wholemodule;
				SWIFT_OPTIMIZATION_LEVEL = "-O";
				VALIDATE_PRODUCT = YES;
			};
			name = Release;
		};
		43096962253FE596002365D7 /* Debug */ = {
			isa = XCBuildConfiguration;
			buildSettings = {
				ASSETCATALOG_COMPILER_APPICON_NAME = AppIcon;
				CODE_SIGN_STYLE = Automatic;
				DEVELOPMENT_TEAM = TPV4Z4P849;
				INFOPLIST_FILE = flixterv/Info.plist;
				LD_RUNPATH_SEARCH_PATHS = (
					"$(inherited)",
					"@executable_path/Frameworks",
				);
				PRODUCT_BUNDLE_IDENTIFIER = com.farihamohamed.flixterv;
				PRODUCT_NAME = "$(TARGET_NAME)";
				SWIFT_VERSION = 5.0;
				TARGETED_DEVICE_FAMILY = "1,2";
			};
			name = Debug;
		};
		43096963253FE596002365D7 /* Release */ = {
			isa = XCBuildConfiguration;
			buildSettings = {
				ASSETCATALOG_COMPILER_APPICON_NAME = AppIcon;
				CODE_SIGN_STYLE = Automatic;
				DEVELOPMENT_TEAM = TPV4Z4P849;
				INFOPLIST_FILE = flixterv/Info.plist;
				LD_RUNPATH_SEARCH_PATHS = (
					"$(inherited)",
					"@executable_path/Frameworks",
				);
				PRODUCT_BUNDLE_IDENTIFIER = com.farihamohamed.flixterv;
				PRODUCT_NAME = "$(TARGET_NAME)";
				SWIFT_VERSION = 5.0;
				TARGETED_DEVICE_FAMILY = "1,2";
			};
			name = Release;
		};
		43096965253FE596002365D7 /* Debug */ = {
			isa = XCBuildConfiguration;
			buildSettings = {
				ALWAYS_EMBED_SWIFT_STANDARD_LIBRARIES = YES;
				BUNDLE_LOADER = "$(TEST_HOST)";
				CODE_SIGN_STYLE = Automatic;
				DEVELOPMENT_TEAM = TPV4Z4P849;
				INFOPLIST_FILE = flixtervTests/Info.plist;
				IPHONEOS_DEPLOYMENT_TARGET = 13.5;
				LD_RUNPATH_SEARCH_PATHS = (
					"$(inherited)",
					"@executable_path/Frameworks",
					"@loader_path/Frameworks",
				);
				PRODUCT_BUNDLE_IDENTIFIER = com.farihamohamed.flixtervTests;
				PRODUCT_NAME = "$(TARGET_NAME)";
				SWIFT_VERSION = 5.0;
				TARGETED_DEVICE_FAMILY = "1,2";
				TEST_HOST = "$(BUILT_PRODUCTS_DIR)/flixterv.app/flixterv";
			};
			name = Debug;
		};
		43096966253FE596002365D7 /* Release */ = {
			isa = XCBuildConfiguration;
			buildSettings = {
				ALWAYS_EMBED_SWIFT_STANDARD_LIBRARIES = YES;
				BUNDLE_LOADER = "$(TEST_HOST)";
				CODE_SIGN_STYLE = Automatic;
				DEVELOPMENT_TEAM = TPV4Z4P849;
				INFOPLIST_FILE = flixtervTests/Info.plist;
				IPHONEOS_DEPLOYMENT_TARGET = 13.5;
				LD_RUNPATH_SEARCH_PATHS = (
					"$(inherited)",
					"@executable_path/Frameworks",
					"@loader_path/Frameworks",
				);
				PRODUCT_BUNDLE_IDENTIFIER = com.farihamohamed.flixtervTests;
				PRODUCT_NAME = "$(TARGET_NAME)";
				SWIFT_VERSION = 5.0;
				TARGETED_DEVICE_FAMILY = "1,2";
				TEST_HOST = "$(BUILT_PRODUCTS_DIR)/flixterv.app/flixterv";
			};
			name = Release;
		};
		43096968253FE596002365D7 /* Debug */ = {
			isa = XCBuildConfiguration;
			buildSettings = {
				ALWAYS_EMBED_SWIFT_STANDARD_LIBRARIES = YES;
				CODE_SIGN_STYLE = Automatic;
				DEVELOPMENT_TEAM = TPV4Z4P849;
				INFOPLIST_FILE = flixtervUITests/Info.plist;
				LD_RUNPATH_SEARCH_PATHS = (
					"$(inherited)",
					"@executable_path/Frameworks",
					"@loader_path/Frameworks",
				);
				PRODUCT_BUNDLE_IDENTIFIER = com.farihamohamed.flixtervUITests;
				PRODUCT_NAME = "$(TARGET_NAME)";
				SWIFT_VERSION = 5.0;
				TARGETED_DEVICE_FAMILY = "1,2";
				TEST_TARGET_NAME = flixterv;
			};
			name = Debug;
		};
		43096969253FE596002365D7 /* Release */ = {
			isa = XCBuildConfiguration;
			buildSettings = {
				ALWAYS_EMBED_SWIFT_STANDARD_LIBRARIES = YES;
				CODE_SIGN_STYLE = Automatic;
				DEVELOPMENT_TEAM = TPV4Z4P849;
				INFOPLIST_FILE = flixtervUITests/Info.plist;
				LD_RUNPATH_SEARCH_PATHS = (
					"$(inherited)",
					"@executable_path/Frameworks",
					"@loader_path/Frameworks",
				);
				PRODUCT_BUNDLE_IDENTIFIER = com.farihamohamed.flixtervUITests;
				PRODUCT_NAME = "$(TARGET_NAME)";
				SWIFT_VERSION = 5.0;
				TARGETED_DEVICE_FAMILY = "1,2";
				TEST_TARGET_NAME = flixterv;
			};
			name = Release;
		};
/* End XCBuildConfiguration section */

/* Begin XCConfigurationList section */
		43096932253FE591002365D7 /* Build configuration list for PBXProject "flixterv" */ = {
			isa = XCConfigurationList;
			buildConfigurations = (
				4309695F253FE596002365D7 /* Debug */,
				43096960253FE596002365D7 /* Release */,
			);
			defaultConfigurationIsVisible = 0;
			defaultConfigurationName = Release;
		};
		43096961253FE596002365D7 /* Build configuration list for PBXNativeTarget "flixterv" */ = {
			isa = XCConfigurationList;
			buildConfigurations = (
				43096962253FE596002365D7 /* Debug */,
				43096963253FE596002365D7 /* Release */,
			);
			defaultConfigurationIsVisible = 0;
			defaultConfigurationName = Release;
		};
		43096964253FE596002365D7 /* Build configuration list for PBXNativeTarget "flixtervTests" */ = {
			isa = XCConfigurationList;
			buildConfigurations = (
				43096965253FE596002365D7 /* Debug */,
				43096966253FE596002365D7 /* Release */,
			);
			defaultConfigurationIsVisible = 0;
			defaultConfigurationName = Release;
		};
		43096967253FE596002365D7 /* Build configuration list for PBXNativeTarget "flixtervUITests" */ = {
			isa = XCConfigurationList;
			buildConfigurations = (
				43096968253FE596002365D7 /* Debug */,
				43096969253FE596002365D7 /* Release */,
			);
			defaultConfigurationIsVisible = 0;
			defaultConfigurationName = Release;
		};
/* End XCConfigurationList section */
	};
	rootObject = 4309692F253FE591002365D7 /* Project object */;
}
